
Microsoft Visual Studio Solution File, Format Version 12.00
# Visual Studio 2012
Project("{F2A71F9B-5D33-465A-A702-920D77279786}") = "TypeProviders", "TypeProviders\TypeProviders.fsproj", "{9F5FAEEC-1BDE-47FC-93A2-344661F28D7A}"
EndProject
Project("{F2A71F9B-5D33-465A-A702-920D77279786}") = "WebService", "WebService\WebService.fsproj", "{AE2B225D-E58F-451E-B7DC-4F0162F25119}"
EndProject
Project("{2150E333-8FDC-42A3-9474-1A3956D46DE8}") = "Solution Items", "Solution Items", "{124913CE-7A1A-4321-85A6-7B7D32362AE5}"
	ProjectSection(SolutionItems) = preProject
		Bookshelf.sql = Bookshelf.sql
	EndProjectSection
EndProject
Global
	GlobalSection(SolutionConfigurationPlatforms) = preSolution
		Debug|Any CPU = Debug|Any CPU
		Release|Any CPU = Release|Any CPU
	EndGlobalSection
	GlobalSection(ProjectConfigurationPlatforms) = postSolution
		{9F5FAEEC-1BDE-47FC-93A2-344661F28D7A}.Debug|Any CPU.ActiveCfg = Debug|Any CPU
		{9F5FAEEC-1BDE-47FC-93A2-344661F28D7A}.Debug|Any CPU.Build.0 = Debug|Any CPU
		{9F5FAEEC-1BDE-47FC-93A2-344661F28D7A}.Release|Any CPU.ActiveCfg = Release|Any CPU
		{9F5FAEEC-1BDE-47FC-93A2-344661F28D7A}.Release|Any CPU.Build.0 = Release|Any CPU
		{AE2B225D-E58F-451E-B7DC-4F0162F25119}.Debug|Any CPU.ActiveCfg = Debug|Any CPU
		{AE2B225D-E58F-451E-B7DC-4F0162F25119}.Debug|Any CPU.Build.0 = Debug|Any CPU
		{AE2B225D-E58F-451E-B7DC-4F0162F25119}.Release|Any CPU.ActiveCfg = Release|Any CPU
		{AE2B225D-E58F-451E-B7DC-4F0162F25119}.Release|Any CPU.Build.0 = Release|Any CPU
	EndGlobalSection
	GlobalSection(SolutionProperties) = preSolution
		HideSolutionNode = FALSE
	EndGlobalSection
EndGlobal
